
Microsoft Visual Studio Solution File, Format Version 12.00
# Visual Studio Version 16
VisualStudioVersion = 16.0.31112.23
MinimumVisualStudioVersion = 10.0.40219.1
Project("{9A19103F-16F7-4668-BE54-9A1E7A4F7556}") = "MonitorWebAPI", "MonitorWebAPI\MonitorWebAPI.csproj", "{E5A89434-BAE5-4946-8784-3FDEF0ADCD28}"
EndProject
Project("{9A19103F-16F7-4668-BE54-9A1E7A4F7556}") = "TestProject", "TestProject\TestProject.csproj", "{9011CD9A-9833-4B2A-AB6D-0B3C55C4027A}"
EndProject
Project("{FAE04EC0-301F-11D3-BF4B-00C04F79EFBC}") = "TestProjectNUnit", "TestProjectNUnit\TestProjectNUnit.csproj", "{7524A62B-924A-44B3-BAB6-33A571059429}"
EndProject
Global
	GlobalSection(SolutionConfigurationPlatforms) = preSolution
		Debug|Any CPU = Debug|Any CPU
		Release|Any CPU = Release|Any CPU
	EndGlobalSection
	GlobalSection(ProjectConfigurationPlatforms) = postSolution
		{E5A89434-BAE5-4946-8784-3FDEF0ADCD28}.Debug|Any CPU.ActiveCfg = Debug|Any CPU
		{E5A89434-BAE5-4946-8784-3FDEF0ADCD28}.Debug|Any CPU.Build.0 = Debug|Any CPU
		{E5A89434-BAE5-4946-8784-3FDEF0ADCD28}.Release|Any CPU.ActiveCfg = Release|Any CPU
		{E5A89434-BAE5-4946-8784-3FDEF0ADCD28}.Release|Any CPU.Build.0 = Release|Any CPU
		{9011CD9A-9833-4B2A-AB6D-0B3C55C4027A}.Debug|Any CPU.ActiveCfg = Debug|Any CPU
		{9011CD9A-9833-4B2A-AB6D-0B3C55C4027A}.Debug|Any CPU.Build.0 = Debug|Any CPU
		{9011CD9A-9833-4B2A-AB6D-0B3C55C4027A}.Release|Any CPU.ActiveCfg = Release|Any CPU
		{9011CD9A-9833-4B2A-AB6D-0B3C55C4027A}.Release|Any CPU.Build.0 = Release|Any CPU
		{7524A62B-924A-44B3-BAB6-33A571059429}.Debug|Any CPU.ActiveCfg = Debug|Any CPU
		{7524A62B-924A-44B3-BAB6-33A571059429}.Debug|Any CPU.Build.0 = Debug|Any CPU
		{7524A62B-924A-44B3-BAB6-33A571059429}.Release|Any CPU.ActiveCfg = Release|Any CPU
		{7524A62B-924A-44B3-BAB6-33A571059429}.Release|Any CPU.Build.0 = Release|Any CPU
	EndGlobalSection
	GlobalSection(SolutionProperties) = preSolution
		HideSolutionNode = FALSE
	EndGlobalSection
	GlobalSection(ExtensibilityGlobals) = postSolution
		SolutionGuid = {91A71435-F89D-4C10-8093-8E3FBDF42C8A}
	EndGlobalSection
EndGlobal
